PODS:
  - FingerprintPro (2.1.5)
  - Flutter (1.0.0)
  - fpjs_pro_plugin (1.4.0-dev.1):
    - FingerprintPro (~> 2.1.5)
    - Flutter

DEPENDENCIES:
  - Flutter (from `Flutter`)
  - fpjs_pro_plugin (from `.symlinks/plugins/fpjs_pro_plugin/ios`)

SPEC REPOS:
  trunk:
    - FingerprintPro

EXTERNAL SOURCES:
  Flutter:
    :path: Flutter
  fpjs_pro_plugin:
    :path: ".symlinks/plugins/fpjs_pro_plugin/ios"

SPEC CHECKSUMS:
  FingerprintPro: 6de370761a8fe8a90f2644749f2893f79abc803a
  Flutter: f04841e97a9d0b0a8025694d0796dd46242b2854
  fpjs_pro_plugin: 6b200290593e685dd831e7b2897caff52cb5c80f

PODFILE CHECKSUM: 0b2b95208cdc44a612b1c708e7e8b14bc0a0f0ae

COCOAPODS: 1.11.3
