PODS:
  - FingerprintPro (2.0.1)
  - Flutter (1.0.0)
  - fpjs_pro_plugin (1.0.4):
    - FingerprintPro (~> 2.0.1)
    - Flutter

DEPENDENCIES:
  - Flutter (from `Flutter`)
  - fpjs_pro_plugin (from `.symlinks/plugins/fpjs_pro_plugin/ios`)

SPEC REPOS:
  trunk:
    - FingerprintPro

EXTERNAL SOURCES:
  Flutter:
    :path: Flutter
  fpjs_pro_plugin:
    :path: ".symlinks/plugins/fpjs_pro_plugin/ios"

SPEC CHECKSUMS:
  FingerprintPro: d9d570a49335e312a89af48909904e4dad1c6615
  Flutter: 50d75fe2f02b26cc09d224853bb45737f8b3214a
  fpjs_pro_plugin: 1c0e5064457609716ae865a4cc0388f4d7c9de75

PODFILE CHECKSUM: 2f1a6d2470f392e010cfe7ae5f9f694d8487db82

COCOAPODS: 1.11.3
