PODS:
  - FingerprintPro (2.8.2)
  - Flutter (1.0.0)
  - fpjs_pro_plugin (3.3.2):
    - FingerprintPro (< 2.9.0, >= 2.8.2)
    - Flutter

DEPENDENCIES:
  - Flutter (from `Flutter`)
  - fpjs_pro_plugin (from `.symlinks/plugins/fpjs_pro_plugin/ios`)

SPEC REPOS:
  trunk:
    - FingerprintPro

EXTERNAL SOURCES:
  Flutter:
    :path: Flutter
  fpjs_pro_plugin:
    :path: ".symlinks/plugins/fpjs_pro_plugin/ios"

SPEC CHECKSUMS:
  FingerprintPro: 70b300c7e9384bc1865c12cd6f7378389789b099
  Flutter: e0871f40cf51350855a761d2e70bf5af5b9b5de7
  fpjs_pro_plugin: 32d71e5f50e90b5403fa782524faa1320a0a0bd0

PODFILE CHECKSUM: 2f1a6d2470f392e010cfe7ae5f9f694d8487db82

COCOAPODS: 1.16.2
