lockfileVersion: '9.0'

settings:
  autoInstallPeers: true
  excludeLinksFromLockfile: false

importers:

  .:
    dependencies:
      '@fingerprintjs/fingerprintjs-pro':
        specifier: ^3.11.13
        version: 3.12.12
    devDependencies:
      '@rollup/plugin-node-resolve':
        specifier: ^15.0.1
        version: 15.3.1(rollup@3.30.0)
      '@rollup/plugin-typescript':
        specifier: ^9.0.2
        version: 9.0.2(rollup@3.30.0)(typescript@4.9.5)
      rollup:
        specifier: ^3.29.5
        version: 3.30.0
      rollup-plugin-license:
        specifier: ^3.0.1
        version: 3.7.1(picomatch@4.0.5)(rollup@3.30.0)
      rollup-plugin-terser:
        specifier: ^7.0.2
        version: 7.0.2(rollup@3.30.0)
      typescript:
        specifier: ^4.9.3
        version: 4.9.5

packages:

  '@babel/code-frame@7.29.7':
    resolution: {integrity: sha512-Aup7aUOfpbAUg2ROOJN6Iw5f9DMBlzu0mIkm/malLQFN/YQgO48wCj0Kxa3sEHJvPVFg7siR+qRInwXd2qhQKw==}
    engines: {node: '>=6.9.0'}

  '@babel/helper-validator-identifier@7.29.7':
    resolution: {integrity: sha512-qehxGkRj55h/ff8EMaJ+cYhyaKlHIxqYDn682wQD7RNp9UujOQsHog2uS0r2vzr4pW+sXf90NeeayjcNaX3fFg==}
    engines: {node: '>=6.9.0'}

  '@fingerprintjs/fingerprintjs-pro@3.12.12':
    resolution: {integrity: sha512-ji26WCwZGJy6WEsoTpQP7hrLy0J+8yoAZIlLxfU+9ptyFPmaS0k1MP95k8Wusotau83nuyIfT51eXxdeHhfmYQ==}

  '@jridgewell/gen-mapping@0.3.13':
    resolution: {integrity: sha512-2kkt/7niJ6MgEPxF0bYdQ6etZaA+fQvDcLKckhy1yIQOzaoKjBBjSj63/aLVjYE3qhRt5dvM+uUyfCg6UKCBbA==}

  '@jridgewell/resolve-uri@3.1.2':
    resolution: {integrity: sha512-bRISgCIjP20/tbWSPWMEi54QVPRZExkuD9lJL+UIxUKtwVJA8wW1Trb1jMs1RFXo1CBTNZ/5hpC9QvmKWdopKw==}
    engines: {node: '>=6.0.0'}

  '@jridgewell/source-map@0.3.11':
    resolution: {integrity: sha512-ZMp1V8ZFcPG5dIWnQLr3NSI1MiCU7UETdS/A0G8V/XWHvJv3ZsFqutJn1Y5RPmAPX6F3BiE397OqveU/9NCuIA==}

  '@jridgewell/sourcemap-codec@1.5.5':
    resolution: {integrity: sha512-cYQ9310grqxueWbl+WuIUIaiUaDcj7WOq5fVhEljNVgRfOUhY9fy2zTvfoqWsnebh8Sl70VScFbICvJnLKB0Og==}

  '@jridgewell/trace-mapping@0.3.31':
    resolution: {integrity: sha512-zzNR+SdQSDJzc8joaeP8QQoCQr8NuYx2dIIytl1QeBEZHJ9uW6hebsrYgbz8hJwUQao3TWCMtmfV8Nu1twOLAw==}

  '@rollup/plugin-node-resolve@15.3.1':
    resolution: {integrity: sha512-tgg6b91pAybXHJQMAAwW9VuWBO6Thi+q7BCNARLwSqlmsHz0XYURtGvh/AuwSADXSI4h/2uHbs7s4FzlZDGSGA==}
    engines: {node: '>=14.0.0'}
    peerDependencies:
      rollup: ^2.78.0||^3.0.0||^4.0.0
    peerDependenciesMeta:
      rollup:
        optional: true

  '@rollup/plugin-typescript@9.0.2':
    resolution: {integrity: sha512-/sS93vmHUMjzDUsl5scNQr1mUlNE1QjBBvOhmRwJCH8k2RRhDIm3c977B3wdu3t3Ap17W6dDeXP3hj1P1Un1bA==}
    engines: {node: '>=14.0.0'}
    peerDependencies:
      rollup: ^2.14.0||^3.0.0
      tslib: '*'
      typescript: '>=3.7.0'
    peerDependenciesMeta:
      rollup:
        optional: true
      tslib:
        optional: true

  '@rollup/pluginutils@5.4.0':
    resolution: {integrity: sha512-MfPp06CjRLfXQ3wY0R8vJDYBy/MvVcc9OulEfR0B8Iv9ko+GCNaRZ+EpJYFl27LhKsZK0o420sYCRHCjfCgeUg==}
    engines: {node: '>=14.0.0'}
    peerDependencies:
      rollup: ^1.20.0||^2.0.0||^3.0.0||^4.0.0
    peerDependenciesMeta:
      rollup:
        optional: true

  '@types/estree@1.0.9':
    resolution: {integrity: sha512-GhdPgy1el4/ImP05X05Uw4cw2/M93BCUmnEvWZNStlCzEKME4Fkk+YpoA5OiHNQmoS7Cafb8Xa3Pya8m1Qrzeg==}

  '@types/node@26.1.1':
    resolution: {integrity: sha512-nxAkRSVkN1Y0JC1W8ky/fTfkGsMmcrRsbx+3XoZE+rMOX71kLYTV7fLXpqud1GpbpP5TuffXFqfX7fH2GgZREw==}

  '@types/resolve@1.20.2':
    resolution: {integrity: sha512-60BCwRFOZCQhDncwQdxxeOEEkbc5dIMccYLwbxsS4TUNeVECQ/pBJ0j09mrHOl/JJvpRPGwO9SvE4nR2Nb/a4Q==}

  acorn@8.17.0:
    resolution: {integrity: sha512-xRQbDb9BnwDafYNn6Vwl839DYVjqXYb1XVGtWAZ1kcDc6iwAL4hg3B1dZlRiuENFeO2H53gFG3in621AdERVAg==}
    engines: {node: '>=0.4.0'}
    hasBin: true

  array-find-index@1.0.2:
    resolution: {integrity: sha512-M1HQyIXcBGtVywBt8WVdim+lrNaK7VHp99Qt5pSNziXznKHViIBbXWtfRTpEFpF/c4FdfxNAsCCwPp5phBYJtw==}
    engines: {node: '>=0.10.0'}

  buffer-from@1.1.2:
    resolution: {integrity: sha512-E+XQCRwSbaaiChtv6k6Dwgc+bx+Bs6vuKJHHl5kox/BaKbhiXzqQOwK4cO22yElGp2OCmjwVhT3HmxgyPGnJfQ==}

  commander@2.20.3:
    resolution: {integrity: sha512-GpVkmM8vF2vQUkj2LvZmD35JxeJOLCwJ9cUkugyk2nuhbv3+mJvpLYYt+0+USMxE+oj+ey/lJEnhZw75x/OMcQ==}

  commenting@1.1.0:
    resolution: {integrity: sha512-YeNK4tavZwtH7jEgK1ZINXzLKm6DZdEMfsaaieOsCAN0S8vsY7UeuO3Q7d/M018EFgE+IeUAuBOKkFccBZsUZA==}

  deepmerge@4.3.1:
    resolution: {integrity: sha512-3sUqbMEc77XqpdNO7FRyRog+eW3ph+GYCbj+rK+uYyRMuwsVy0rMiVtPn+QJlKFvWP/1PYpapqYn0Me2knFn+A==}
    engines: {node: '>=0.10.0'}

  es-errors@1.3.0:
    resolution: {integrity: sha512-Zf5H2Kxt2xjTvbJvP2ZWLEICxA6j+hAmMzIlypy4xcBg1vKVnx89Wy0GbS+kf5cwCVFFzdCFh2XSCFNULS6csw==}
    engines: {node: '>= 0.4'}

  estree-walker@2.0.2:
    resolution: {integrity: sha512-Rfkk/Mp/DL7JVje3u18FxFujQlTNR2q6QfMSMB7AvCBx91NGj/ba3kCfza0f6dVDbw7YlRf/nDrn7pQrCCyQ/w==}

  fdir@6.5.0:
    resolution: {integrity: sha512-tIbYtZbucOs0BRGqPJkshJUYdL+SDH7dVM8gjy+ERp3WAUjLEFJE+02kanyHtwjWOnwrKYBiwAmM0p4kLJAnXg==}
    engines: {node: '>=12.0.0'}
    peerDependencies:
      picomatch: ^3 || ^4
    peerDependenciesMeta:
      picomatch:
        optional: true

  fsevents@2.3.3:
    resolution: {integrity: sha512-5xoDfX+fL7faATnagmWPpbFtwh/R77WmMMqqHGS65C3vvB0YHrgF+B1YmZ3441tMj5n63k0212XNoJwzlhffQw==}
    engines: {node: ^8.16.0 || ^10.6.0 || >=11.0.0}
    os: [darwin]

  function-bind@1.1.2:
    resolution: {integrity: sha512-7XHNxH7qX9xG5mIwxkhumTox/MIRNcOgDrxWsMt2pAr23WHp6MrRlN7FBSFpCpr+oVO0F744iUgR82nJMfG2SA==}

  has-flag@4.0.0:
    resolution: {integrity: sha512-EykJT/Q1KjTWctppgIAgfSO0tKVuZUjhgMr17kqTumMl6Afv3EISleU7qZUzoXDFTAHTDC4NOoG/ZxU3EvlMPQ==}
    engines: {node: '>=8'}

  hasown@2.0.4:
    resolution: {integrity: sha512-T2UbfbBEF32wiepXIsMlTW9+dDYC6wMh/t/vYA4tuOMKqWz/n3vr1NFSxQiyP+zk2mXsoMA/i/7qV6LKut1t1A==}
    engines: {node: '>= 0.4'}

  is-core-module@2.16.2:
    resolution: {integrity: sha512-evOr8xfXKxE6qSR0hSXL2r3sd7ALj8+7jQEUvPYcm5sgZFdJ+AYzT6yNmJenvIYQBgIGwfwz08sL8zoL7yq2BA==}
    engines: {node: '>= 0.4'}

  is-module@1.0.0:
    resolution: {integrity: sha512-51ypPSPCoTEIN9dy5Oy+h4pShgJmPCygKfyRCISBI+JoWT/2oJvK8QPxmwv7b/p239jXrm9M1mlQbyKJ5A152g==}

  jest-worker@26.6.2:
    resolution: {integrity: sha512-KWYVV1c4i+jbMpaBC+U++4Va0cp8OisU185o73T1vo99hqi7w8tSJfUXYswwqqrjzwxa6KpRK54WhPvwf5w6PQ==}
    engines: {node: '>= 10.13.0'}

  js-tokens@4.0.0:
    resolution: {integrity: sha512-RdJUflcE3cUzKiMqQgsCu06FPu9UdIJO0beYbPhHN4k6apgJtifcoCtT9bcxOpYBtpD2kCM6Sbzg4CausW/PKQ==}

  lodash@4.18.1:
    resolution: {integrity: sha512-dMInicTPVE8d1e5otfwmmjlxkZoUpiVLwyeTdUsi/Caj/gfzzblBcCE5sRHV/AsjuCmxWrte2TNGSYuCeCq+0Q==}

  magic-string@0.30.21:
    resolution: {integrity: sha512-vd2F4YUyEXKGcLHoq+TEyCjxueSeHnFxyyjNp80yg0XV4vUhnDer/lvvlqM/arB5bXQN5K2/3oinyCRyx8T2CQ==}

  merge-stream@2.0.0:
    resolution: {integrity: sha512-abv/qOcuPfk3URPfDzmZU1LKmuw8kT+0nIHvKrKgFrwifol/doWcdA4ZqsWQ8ENrFKkd67Mfpo/LovbIUsbt3w==}

  moment@2.30.1:
    resolution: {integrity: sha512-uEmtNhbDOrWPFS+hdjFCBfy9f2YoyzRpwcl+DqpC6taX21FzsTLQVbMV/W7PzNSX6x/bhC1zA3c2UQ5NzH6how==}

  package-name-regex@2.0.6:
    resolution: {integrity: sha512-gFL35q7kbE/zBaPA3UKhp2vSzcPYx2ecbYuwv1ucE9Il6IIgBDweBlH8D68UFGZic2MkllKa2KHCfC1IQBQUYA==}
    engines: {node: '>=12'}

  path-parse@1.0.7:
    resolution: {integrity: sha512-LDJzPVEEEPR+y48z93A0Ed0yXb8pAByGWo/k5YYdYgpY2/2EsOsksJrq7lOHxryrVOn1ejG6oAp8ahvOIQD8sw==}

  picocolors@1.1.1:
    resolution: {integrity: sha512-xceH2snhtb5M9liqDsmEw56le376mTZkEX/jEb/RxNFyegNul7eNslCXP9FDj/Lcu0X8KEyMceP2ntpaHrDEVA==}

  picomatch@4.0.5:
    resolution: {integrity: sha512-RvwwcruNjI1ncT5xRakeyS9Lf8lcItv34KD+aif+VH9kduAyfYBipGh12274xtenIPZ119/R9BdTBa8gAwSh0A==}
    engines: {node: '>=12'}

  randombytes@2.1.0:
    resolution: {integrity: sha512-vYl3iOX+4CKUWuxGi9Ukhie6fsqXqS9FE2Zaic4tNFD2N2QQaXOMFbuKK4QmDHC0JO6B1Zp41J0LpT0oR68amQ==}

  resolve@1.22.12:
    resolution: {integrity: sha512-TyeJ1zif53BPfHootBGwPRYT1RUt6oGWsaQr8UyZW/eAm9bKoijtvruSDEmZHm92CwS9nj7/fWttqPCgzep8CA==}
    engines: {node: '>= 0.4'}
    hasBin: true

  rollup-plugin-license@3.7.1:
    resolution: {integrity: sha512-FcGXUbAmPvRSLxjVdjp/r/MUtKBlttVQd+ApUyvKfREnsoAfAZA6Ic2fE1Tz4RL0f9XqEQU9UIRNUMdtQtliDw==}
    engines: {node: '>=14.0.0'}
    peerDependencies:
      rollup: ^1.0.0 || ^2.0.0 || ^3.0.0 || ^4.0.0

  rollup-plugin-terser@7.0.2:
    resolution: {integrity: sha512-w3iIaU4OxcF52UUXiZNsNeuXIMDvFrr+ZXK6bFZ0Q60qyVfq4uLptoS4bbq3paG3x216eQllFZX7zt6TIImguQ==}
    deprecated: This package has been deprecated and is no longer maintained. Please use @rollup/plugin-terser
    peerDependencies:
      rollup: ^2.0.0

  rollup@3.30.0:
    resolution: {integrity: sha512-kQvGasUgN+AlWGliFn2POSajRQEsULVYFGTvOZmK06d7vCD+YhZztt70kGk3qaeAXeWYL5eO7zx+rAubBc55eA==}
    engines: {node: '>=14.18.0', npm: '>=8.0.0'}
    hasBin: true

  safe-buffer@5.2.1:
    resolution: {integrity: sha512-rp3So07KcdmmKbGvgaNxQSJr7bGVSVk5S9Eq1F+ppbRo70+YeaDxkw5Dd8NPN+GD6bjnYm2VuPuCXmpuYvmCXQ==}

  serialize-javascript@4.0.0:
    resolution: {integrity: sha512-GaNA54380uFefWghODBWEGisLZFj00nS5ACs6yHa9nLqlLpVLO8ChDGeKRjZnV4Nh4n0Qi7nhYZD/9fCPzEqkw==}

  source-map-support@0.5.21:
    resolution: {integrity: sha512-uBHU3L3czsIyYXKX88fdrGovxdSCoTGDRZ6SYXtSRxLZUzHg5P/66Ht6uoUlHu9EZod+inXhKo3qQgwXUT/y1w==}

  source-map@0.6.1:
    resolution: {integrity: sha512-UjgapumWlbMhkBgzT7Ykc5YXUT46F0iKu8SGXq0bcwP5dz/h0Plj6enJqjz1Zbq2l5WaqYnrVbwWOWMyF3F47g==}
    engines: {node: '>=0.10.0'}

  spdx-compare@1.0.0:
    resolution: {integrity: sha512-C1mDZOX0hnu0ep9dfmuoi03+eOdDoz2yvK79RxbcrVEG1NO1Ph35yW102DHWKN4pk80nwCgeMmSY5L25VE4D9A==}

  spdx-exceptions@2.5.0:
    resolution: {integrity: sha512-PiU42r+xO4UbUS1buo3LPJkjlO7430Xn5SVAhdpzzsPHsjbYVflnnFdATgabnLude+Cqu25p6N+g2lw/PFsa4w==}

  spdx-expression-parse@3.0.1:
    resolution: {integrity: sha512-cbqHunsQWnJNE6KhVSMsMeH5H/L9EpymbzqTQ3uLwNCLZ1Q481oWaofqH7nO6V07xlXwY6PhQdQ2IedWx/ZK4Q==}

  spdx-expression-validate@2.0.0:
    resolution: {integrity: sha512-b3wydZLM+Tc6CFvaRDBOF9d76oGIHNCLYFeHbftFXUWjnfZWganmDmvtM5sm1cRwJc/VDBMLyGGrsLFd1vOxbg==}

  spdx-license-ids@3.0.23:
    resolution: {integrity: sha512-CWLcCCH7VLu13TgOH+r8p1O/Znwhqv/dbb6lqWy67G+pT1kHmeD/+V36AVb/vq8QMIQwVShJ6Ssl5FPh0fuSdw==}

  spdx-ranges@2.1.1:
    resolution: {integrity: sha512-mcdpQFV7UDAgLpXEE/jOMqvK4LBoO0uTQg0uvXUewmEFhpiZx5yJSZITHB8w1ZahKdhfZqP5GPEOKLyEq5p8XA==}

  spdx-satisfies@5.0.1:
    resolution: {integrity: sha512-Nwor6W6gzFp8XX4neaKQ7ChV4wmpSh2sSDemMFSzHxpTw460jxFYeOn+jq4ybnSSw/5sc3pjka9MQPouksQNpw==}

  supports-color@7.2.0:
    resolution: {integrity: sha512-qpCAvRl9stuOHveKsn7HncJRvv501qIacKzQlO/+Lwxc9+0q2wLyv4Dfvt80/DPn2pqOBsJdDiogXGR9+OvwRw==}
    engines: {node: '>=8'}

  supports-preserve-symlinks-flag@1.0.0:
    resolution: {integrity: sha512-ot0WnXS9fgdkgIcePe6RHNk1WA8+muPa6cSjeR3V8K27q9BB1rTE3R1p7Hv0z1ZyAc8s6Vvv8DIyWf681MAt0w==}
    engines: {node: '>= 0.4'}

  terser@5.49.0:
    resolution: {integrity: sha512-SNiDnXyHSrxVcIOtVbULzcTmniUiwcV7Nwdyj1twVubeTmbjoa8p69KKDpfkdoOavuM4/GRm1+ykI8qqnavHoA==}
    engines: {node: '>=10'}
    hasBin: true

  typescript@4.9.5:
    resolution: {integrity: sha512-1FXk9E2Hm+QzZQ7z+McJiHL4NW1F2EzMu9Nq9i3zAaGqibafqYwCVU6WyWAuyQRRzOlxou8xZSyXLEN8oKj24g==}
    engines: {node: '>=4.2.0'}
    hasBin: true

  undici-types@8.3.0:
    resolution: {integrity: sha512-j375ScV60dom+YkPFIfTLcOiPxkN/buHz5GobjLhixFuANaNs3C9l4GmrWqejgXWJ7BbJcFYpTEUkS1Ge8bpZQ==}

snapshots:

  '@babel/code-frame@7.29.7':
    dependencies:
      '@babel/helper-validator-identifier': 7.29.7
      js-tokens: 4.0.0
      picocolors: 1.1.1

  '@babel/helper-validator-identifier@7.29.7': {}

  '@fingerprintjs/fingerprintjs-pro@3.12.12': {}

  '@jridgewell/gen-mapping@0.3.13':
    dependencies:
      '@jridgewell/sourcemap-codec': 1.5.5
      '@jridgewell/trace-mapping': 0.3.31

  '@jridgewell/resolve-uri@3.1.2': {}

  '@jridgewell/source-map@0.3.11':
    dependencies:
      '@jridgewell/gen-mapping': 0.3.13
      '@jridgewell/trace-mapping': 0.3.31

  '@jridgewell/sourcemap-codec@1.5.5': {}

  '@jridgewell/trace-mapping@0.3.31':
    dependencies:
      '@jridgewell/resolve-uri': 3.1.2
      '@jridgewell/sourcemap-codec': 1.5.5

  '@rollup/plugin-node-resolve@15.3.1(rollup@3.30.0)':
    dependencies:
      '@rollup/pluginutils': 5.4.0(rollup@3.30.0)
      '@types/resolve': 1.20.2
      deepmerge: 4.3.1
      is-module: 1.0.0
      resolve: 1.22.12
    optionalDependencies:
      rollup: 3.30.0

  '@rollup/plugin-typescript@9.0.2(rollup@3.30.0)(typescript@4.9.5)':
    dependencies:
      '@rollup/pluginutils': 5.4.0(rollup@3.30.0)
      resolve: 1.22.12
      typescript: 4.9.5
    optionalDependencies:
      rollup: 3.30.0

  '@rollup/pluginutils@5.4.0(rollup@3.30.0)':
    dependencies:
      '@types/estree': 1.0.9
      estree-walker: 2.0.2
      picomatch: 4.0.5
    optionalDependencies:
      rollup: 3.30.0

  '@types/estree@1.0.9': {}

  '@types/node@26.1.1':
    dependencies:
      undici-types: 8.3.0

  '@types/resolve@1.20.2': {}

  acorn@8.17.0: {}

  array-find-index@1.0.2: {}

  buffer-from@1.1.2: {}

  commander@2.20.3: {}

  commenting@1.1.0: {}

  deepmerge@4.3.1: {}

  es-errors@1.3.0: {}

  estree-walker@2.0.2: {}

  fdir@6.5.0(picomatch@4.0.5):
    optionalDependencies:
      picomatch: 4.0.5

  fsevents@2.3.3:
    optional: true

  function-bind@1.1.2: {}

  has-flag@4.0.0: {}

  hasown@2.0.4:
    dependencies:
      function-bind: 1.1.2

  is-core-module@2.16.2:
    dependencies:
      hasown: 2.0.4

  is-module@1.0.0: {}

  jest-worker@26.6.2:
    dependencies:
      '@types/node': 26.1.1
      merge-stream: 2.0.0
      supports-color: 7.2.0

  js-tokens@4.0.0: {}

  lodash@4.18.1: {}

  magic-string@0.30.21:
    dependencies:
      '@jridgewell/sourcemap-codec': 1.5.5

  merge-stream@2.0.0: {}

  moment@2.30.1: {}

  package-name-regex@2.0.6: {}

  path-parse@1.0.7: {}

  picocolors@1.1.1: {}

  picomatch@4.0.5: {}

  randombytes@2.1.0:
    dependencies:
      safe-buffer: 5.2.1

  resolve@1.22.12:
    dependencies:
      es-errors: 1.3.0
      is-core-module: 2.16.2
      path-parse: 1.0.7
      supports-preserve-symlinks-flag: 1.0.0

  rollup-plugin-license@3.7.1(picomatch@4.0.5)(rollup@3.30.0):
    dependencies:
      commenting: 1.1.0
      fdir: 6.5.0(picomatch@4.0.5)
      lodash: 4.18.1
      magic-string: 0.30.21
      moment: 2.30.1
      package-name-regex: 2.0.6
      rollup: 3.30.0
      spdx-expression-validate: 2.0.0
      spdx-satisfies: 5.0.1
    transitivePeerDependencies:
      - picomatch

  rollup-plugin-terser@7.0.2(rollup@3.30.0):
    dependencies:
      '@babel/code-frame': 7.29.7
      jest-worker: 26.6.2
      rollup: 3.30.0
      serialize-javascript: 4.0.0
      terser: 5.49.0

  rollup@3.30.0:
    optionalDependencies:
      fsevents: 2.3.3

  safe-buffer@5.2.1: {}

  serialize-javascript@4.0.0:
    dependencies:
      randombytes: 2.1.0

  source-map-support@0.5.21:
    dependencies:
      buffer-from: 1.1.2
      source-map: 0.6.1

  source-map@0.6.1: {}

  spdx-compare@1.0.0:
    dependencies:
      array-find-index: 1.0.2
      spdx-expression-parse: 3.0.1
      spdx-ranges: 2.1.1

  spdx-exceptions@2.5.0: {}

  spdx-expression-parse@3.0.1:
    dependencies:
      spdx-exceptions: 2.5.0
      spdx-license-ids: 3.0.23

  spdx-expression-validate@2.0.0:
    dependencies:
      spdx-expression-parse: 3.0.1

  spdx-license-ids@3.0.23: {}

  spdx-ranges@2.1.1: {}

  spdx-satisfies@5.0.1:
    dependencies:
      spdx-compare: 1.0.0
      spdx-expression-parse: 3.0.1
      spdx-ranges: 2.1.1

  supports-color@7.2.0:
    dependencies:
      has-flag: 4.0.0

  supports-preserve-symlinks-flag@1.0.0: {}

  terser@5.49.0:
    dependencies:
      '@jridgewell/source-map': 0.3.11
      acorn: 8.17.0
      commander: 2.20.3
      source-map-support: 0.5.21

  typescript@4.9.5: {}

  undici-types@8.3.0: {}
